
Microsoft Visual Studio Solution File, Format Version 12.00
# Visual Studio Version 16
VisualStudioVersion = 16.0.29609.76
MinimumVisualStudioVersion = 10.0.40219.1
Project("{9A19103F-16F7-4668-BE54-9A1E7A4F7556}") = "Bot", "Bot.csproj", "{C0E4E9AD-70C8-441D-BE39-898A755CF646}"
EndProject
Project("{9A19103F-16F7-4668-BE54-9A1E7A4F7556}") = "Reqest", "Reqest\Reqest.csproj", "{D3DF16A8-3F21-4D73-80AE-D9C894B7CA65}"
EndProject
Global
	GlobalSection(SolutionConfigurationPlatforms) = preSolution
		Debug|Any CPU = Debug|Any CPU
		Release|Any CPU = Release|Any CPU
	EndGlobalSection
	GlobalSection(ProjectConfigurationPlatforms) = postSolution
		{C0E4E9AD-70C8-441D-BE39-898A755CF646}.Debug|Any CPU.ActiveCfg = Debug|Any CPU
		{C0E4E9AD-70C8-441D-BE39-898A755CF646}.Debug|Any CPU.Build.0 = Debug|Any CPU
		{C0E4E9AD-70C8-441D-BE39-898A755CF646}.Release|Any CPU.ActiveCfg = Release|Any CPU
		{C0E4E9AD-70C8-441D-BE39-898A755CF646}.Release|Any CPU.Build.0 = Release|Any CPU
		{D3DF16A8-3F21-4D73-80AE-D9C894B7CA65}.Debug|Any CPU.ActiveCfg = Debug|Any CPU
		{D3DF16A8-3F21-4D73-80AE-D9C894B7CA65}.Debug|Any CPU.Build.0 = Debug|Any CPU
		{D3DF16A8-3F21-4D73-80AE-D9C894B7CA65}.Release|Any CPU.ActiveCfg = Release|Any CPU
		{D3DF16A8-3F21-4D73-80AE-D9C894B7CA65}.Release|Any CPU.Build.0 = Release|Any CPU
	EndGlobalSection
	GlobalSection(SolutionProperties) = preSolution
		HideSolutionNode = FALSE
	EndGlobalSection
	GlobalSection(ExtensibilityGlobals) = postSolution
		SolutionGuid = {F3CDDC48-AD27-4776-99A4-7620E9EF3AAA}
	EndGlobalSection
EndGlobal
